# This file is generated by gogradle automatically, you should NEVER modify it manually.
---
apiVersion: "0.10"
dependencies:
  build:
  - urls:
    - "https://github.com/JackTiger/testB.git"
    - "git@github.com:JackTiger/testB.git"
    vcs: "git"
    name: "github.com/JackTiger/testB"
    commit: "969a1bd4e610d3c26b45500f952347f9b6218ab7"
    transitive: false
  - name: "github.com/JackTiger/testD"
    host:
      name: "github.com/JackTiger/testB"
      commit: "969a1bd4e610d3c26b45500f952347f9b6218ab7"
      url: "git@github.com:JackTiger/testB.git"
      vcs: "git"
    vendorPath: "vendor/github.com/JackTiger/testD"
  test: []
